
Microsoft Visual Studio Solution File, Format Version 12.00
# Visual Studio 15
VisualStudioVersion = 15.0.27130.2036
MinimumVisualStudioVersion = 10.0.40219.1
Project("{FAE04EC0-301F-11D3-BF4B-00C04F79EFBC}") = "MyFavoriteService", "MyFavoriteService\MyFavoriteService.csproj", "{9EA9424A-9295-4508-B60B-1CE40F793ADE}"
EndProject
Global
	GlobalSection(SolutionConfigurationPlatforms) = preSolution
		Debug|Any CPU = Debug|Any CPU
		Release|Any CPU = Release|Any CPU
	EndGlobalSection
	GlobalSection(ProjectConfigurationPlatforms) = postSolution
		{9EA9424A-9295-4508-B60B-1CE40F793ADE}.Debug|Any CPU.ActiveCfg = Debug|Any CPU
		{9EA9424A-9295-4508-B60B-1CE40F793ADE}.Debug|Any CPU.Build.0 = Debug|Any CPU
		{9EA9424A-9295-4508-B60B-1CE40F793ADE}.Release|Any CPU.ActiveCfg = Release|Any CPU
		{9EA9424A-9295-4508-B60B-1CE40F793ADE}.Release|Any CPU.Build.0 = Release|Any CPU
	EndGlobalSection
	GlobalSection(SolutionProperties) = preSolution
		HideSolutionNode = FALSE
	EndGlobalSection
	GlobalSection(ExtensibilityGlobals) = postSolution
		SolutionGuid = {97865B96-BF90-485D-9CF8-FD2B77241BBA}
	EndGlobalSection
EndGlobal
