
Microsoft Visual Studio Solution File, Format Version 12.00
# Visual Studio 15
VisualStudioVersion = 15.0.27130.2036
MinimumVisualStudioVersion = 10.0.40219.1
Project("{FAE04EC0-301F-11D3-BF4B-00C04F79EFBC}") = "MyFavoriteConsoleService", "MyFavoriteService\MyFavoriteConsoleService.csproj", "{9EA9424A-9295-4508-B60B-1CE40F793ADE}"
EndProject
Project("{FAE04EC0-301F-11D3-BF4B-00C04F79EFBC}") = "MyFavoriteApi", "MyFavoriteApi\MyFavoriteApi.csproj", "{7D623A56-8420-4EED-BDF0-02692C63B6D5}"
EndProject
Project("{FAE04EC0-301F-11D3-BF4B-00C04F79EFBC}") = "SignalR", "SignalR\SignalR.csproj", "{BAC1A388-9B16-4B1B-9E27-8ABFADC643BB}"
EndProject
Global
	GlobalSection(SolutionConfigurationPlatforms) = preSolution
		Debug|Any CPU = Debug|Any CPU
		Release|Any CPU = Release|Any CPU
	EndGlobalSection
	GlobalSection(ProjectConfigurationPlatforms) = postSolution
		{9EA9424A-9295-4508-B60B-1CE40F793ADE}.Debug|Any CPU.ActiveCfg = Debug|Any CPU
		{9EA9424A-9295-4508-B60B-1CE40F793ADE}.Debug|Any CPU.Build.0 = Debug|Any CPU
		{9EA9424A-9295-4508-B60B-1CE40F793ADE}.Release|Any CPU.ActiveCfg = Release|Any CPU
		{9EA9424A-9295-4508-B60B-1CE40F793ADE}.Release|Any CPU.Build.0 = Release|Any CPU
		{7D623A56-8420-4EED-BDF0-02692C63B6D5}.Debug|Any CPU.ActiveCfg = Debug|Any CPU
		{7D623A56-8420-4EED-BDF0-02692C63B6D5}.Debug|Any CPU.Build.0 = Debug|Any CPU
		{7D623A56-8420-4EED-BDF0-02692C63B6D5}.Release|Any CPU.ActiveCfg = Release|Any CPU
		{7D623A56-8420-4EED-BDF0-02692C63B6D5}.Release|Any CPU.Build.0 = Release|Any CPU
		{BAC1A388-9B16-4B1B-9E27-8ABFADC643BB}.Debug|Any CPU.ActiveCfg = Debug|Any CPU
		{BAC1A388-9B16-4B1B-9E27-8ABFADC643BB}.Debug|Any CPU.Build.0 = Debug|Any CPU
		{BAC1A388-9B16-4B1B-9E27-8ABFADC643BB}.Release|Any CPU.ActiveCfg = Release|Any CPU
		{BAC1A388-9B16-4B1B-9E27-8ABFADC643BB}.Release|Any CPU.Build.0 = Release|Any CPU
	EndGlobalSection
	GlobalSection(SolutionProperties) = preSolution
		HideSolutionNode = FALSE
	EndGlobalSection
	GlobalSection(ExtensibilityGlobals) = postSolution
		SolutionGuid = {97865B96-BF90-485D-9CF8-FD2B77241BBA}
	EndGlobalSection
EndGlobal
